
Microsoft Visual Studio Solution File, Format Version 12.00
# Visual Studio Version 16
VisualStudioVersion = 16.0.30309.148
MinimumVisualStudioVersion = 10.0.40219.1
Project("{FAE04EC0-301F-11D3-BF4B-00C04F79EFBC}") = "NetWebDev-Client-FirstProject", "NetWebDev-Client-FirstProject\NetWebDev-Client-FirstProject.csproj", "{A5F6BEEC-BADC-4543-9389-798DCB5E9AAF}"
EndProject
Global
	GlobalSection(SolutionConfigurationPlatforms) = preSolution
		Debug|Any CPU = Debug|Any CPU
		Release|Any CPU = Release|Any CPU
	EndGlobalSection
	GlobalSection(ProjectConfigurationPlatforms) = postSolution
		{A5F6BEEC-BADC-4543-9389-798DCB5E9AAF}.Debug|Any CPU.ActiveCfg = Debug|Any CPU
		{A5F6BEEC-BADC-4543-9389-798DCB5E9AAF}.Debug|Any CPU.Build.0 = Debug|Any CPU
		{A5F6BEEC-BADC-4543-9389-798DCB5E9AAF}.Release|Any CPU.ActiveCfg = Release|Any CPU
		{A5F6BEEC-BADC-4543-9389-798DCB5E9AAF}.Release|Any CPU.Build.0 = Release|Any CPU
	EndGlobalSection
	GlobalSection(SolutionProperties) = preSolution
		HideSolutionNode = FALSE
	EndGlobalSection
	GlobalSection(ExtensibilityGlobals) = postSolution
		SolutionGuid = {4C9272EE-6B27-4463-B491-69CC2085AEED}
	EndGlobalSection
EndGlobal
